
Microsoft Visual Studio Solution File, Format Version 12.00
# Visual Studio Version 17
VisualStudioVersion = 17.0.32014.148
MinimumVisualStudioVersion = 10.0.40219.1
Project("{FAE04EC0-301F-11D3-BF4B-00C04F79EFBC}") = "TikTakToe", "TikTakToe\TikTakToe.csproj", "{71145622-6490-4977-9934-8FEDD9E2AE51}"
EndProject
Global
	GlobalSection(SolutionConfigurationPlatforms) = preSolution
		Debug|Any CPU = Debug|Any CPU
		Release|Any CPU = Release|Any CPU
	EndGlobalSection
	GlobalSection(ProjectConfigurationPlatforms) = postSolution
		{71145622-6490-4977-9934-8FEDD9E2AE51}.Debug|Any CPU.ActiveCfg = Debug|Any CPU
		{71145622-6490-4977-9934-8FEDD9E2AE51}.Debug|Any CPU.Build.0 = Debug|Any CPU
		{71145622-6490-4977-9934-8FEDD9E2AE51}.Release|Any CPU.ActiveCfg = Release|Any CPU
		{71145622-6490-4977-9934-8FEDD9E2AE51}.Release|Any CPU.Build.0 = Release|Any CPU
	EndGlobalSection
	GlobalSection(SolutionProperties) = preSolution
		HideSolutionNode = FALSE
	EndGlobalSection
	GlobalSection(ExtensibilityGlobals) = postSolution
		SolutionGuid = {AF707F5B-0085-4B85-BE47-8A4EA1E5995E}
	EndGlobalSection
EndGlobal
